# This file is automatically @generated by Cargo.
# It is not intended for manual editing.
[[package]]
name = "core"
version = "0.1.0"

[[package]]
name = "files"
version = "0.1.0"

[[package]]
name = "libqaul"
version = "0.1.0"
dependencies = [
 "qaul-platform 0.1.0",
 "qaul-storage 0.1.0",
 "ratman-identity 0.1.0",
]

[[package]]
name = "linux-cli"
version = "0.1.0"

[[package]]
name = "messaging"
version = "0.1.0"

[[package]]
name = "netsim"
version = "0.1.0"

[[package]]
name = "qaul-linux"
version = "0.1.0"

[[package]]
name = "qaul-platform"
version = "0.1.0"

[[package]]
name = "qaul-sim"
version = "0.1.0"

[[package]]
name = "qaul-storage"
version = "0.1.0"

[[package]]
name = "ratman"
version = "0.0.0"
dependencies = [
 "ratman-identity 0.1.0",
 "ratman-netmod 0.1.0",
]

[[package]]
name = "ratman-identity"
version = "0.1.0"

[[package]]
name = "ratman-netmod"
version = "0.1.0"
dependencies = [
 "ratman-identity 0.1.0",
]

