// !$*UTF8*$!
{
	archiveVersion = 1;
	classes = {
	};
	objectVersion = 53;
	objects = {

/* Begin PBXBuildFile section */
		CA0013AE437D499D38D54C43 /* Cargo.toml in Sources */ = {isa = PBXBuildFile; fileRef = CAF989BF31013EF4668187A5 /* Cargo.toml */; settings = {COMPILER_FLAGS = "--lib"; }; };
/* End PBXBuildFile section */

/* Begin PBXBuildRule section */
		CAF489BF3101AC6C1400ACA8 /* PBXBuildRule */ = {
			isa = PBXBuildRule;
			compilerSpec = com.apple.compilers.proxy.script;
			dependencyFile = "$(DERIVED_FILE_DIR)/$(ARCHS)-$(EXECUTABLE_NAME).d";
			filePatterns = "*/Cargo.toml";
			fileType = pattern.proxy;
			inputFiles = (
			);
			isEditable = 0;
			name = "Cargo project build";
			outputFiles = (
				"$(TARGET_BUILD_DIR)/$(EXECUTABLE_NAME)",
			);
			runOncePerArchitecture = 0;
			script = "# generated with cargo-xcode 1.10.0\nset -eu;\nexport PATH=\"$HOME/.cargo/bin:$PATH:/usr/local/bin:/opt/homebrew/bin\";\n# don't use ios/watchos linker for build scripts and proc macros\nexport CARGO_TARGET_AARCH64_APPLE_DARWIN_LINKER=/usr/bin/ld\nexport CARGO_TARGET_X86_64_APPLE_DARWIN_LINKER=/usr/bin/ld\n\ncase \"$PLATFORM_NAME\" in\n \"macosx\")\n  CARGO_XCODE_TARGET_OS=darwin\n  if [ \"${IS_MACCATALYST-NO}\" = YES ]; then\n   CARGO_XCODE_TARGET_OS=ios-macabi\n  fi\n  ;;\n \"iphoneos\") CARGO_XCODE_TARGET_OS=ios ;;\n \"iphonesimulator\") CARGO_XCODE_TARGET_OS=ios-sim ;;\n \"appletvos\" | \"appletvsimulator\") CARGO_XCODE_TARGET_OS=tvos ;;\n \"watchos\") CARGO_XCODE_TARGET_OS=watchos ;;\n \"watchsimulator\") CARGO_XCODE_TARGET_OS=watchos-sim ;;\n *)\n  CARGO_XCODE_TARGET_OS=\"$PLATFORM_NAME\"\n  echo >&2 \"warning: cargo-xcode needs to be updated to handle $PLATFORM_NAME\"\n  ;;\nesac\n\nCARGO_XCODE_TARGET_TRIPLES=\"\"\nCARGO_XCODE_TARGET_FLAGS=\"\"\nLIPO_ARGS=\"\"\nfor arch in $ARCHS; do\n if [[ \"$arch\" == \"arm64\" ]]; then arch=aarch64; fi\n if [[ \"$arch\" == \"i386\" && \"$CARGO_XCODE_TARGET_OS\" != \"ios\" ]]; then arch=i686; fi\n triple=\"${arch}-apple-$CARGO_XCODE_TARGET_OS\"\n CARGO_XCODE_TARGET_TRIPLES+=\" $triple\"\n CARGO_XCODE_TARGET_FLAGS+=\" --target=$triple\"\n LIPO_ARGS+=\"$CARGO_TARGET_DIR/$triple/$CARGO_XCODE_BUILD_PROFILE/$CARGO_XCODE_CARGO_FILE_NAME\n\"\ndone\n\necho >&2 \"Cargo $CARGO_XCODE_BUILD_PROFILE $ACTION for $PLATFORM_NAME $ARCHS =$CARGO_XCODE_TARGET_TRIPLES; using ${SDK_NAMES:-}. \\$PATH is:\"\ntr >&2 : '\\n' <<<\"$PATH\"\n\nif command -v rustup &> /dev/null; then\n for triple in $CARGO_XCODE_TARGET_TRIPLES; do\n  if ! rustup target list --installed | grep -Eq \"^$triple$\"; then\n   echo >&2 \"warning: this build requires rustup toolchain for $triple, but it isn't installed (will try rustup next)\"\n   rustup target add \"$triple\" || {\n    echo >&2 \"warning: can't install $triple, will try nightly -Zbuild-std\";\n    OTHER_INPUT_FILE_FLAGS+=\" -Zbuild-std\";\n    if [ -z \"${RUSTUP_TOOLCHAIN:-}\" ]; then\n     export RUSTUP_TOOLCHAIN=nightly\n    fi\n    break;\n   }\n  fi\n done\nfi\n\nif [ \"$CARGO_XCODE_BUILD_PROFILE\" = release ]; then\n OTHER_INPUT_FILE_FLAGS=\"$OTHER_INPUT_FILE_FLAGS --release\"\nfi\n\nif [ \"$ACTION\" = clean ]; then\n cargo clean --verbose --manifest-path=\"$SCRIPT_INPUT_FILE\" $CARGO_XCODE_TARGET_FLAGS $OTHER_INPUT_FILE_FLAGS;\n rm -f \"$SCRIPT_OUTPUT_FILE_0\"\n exit 0\nfi\ncargo build --verbose --manifest-path=\"$SCRIPT_INPUT_FILE\" --features=\"${CARGO_XCODE_FEATURES:-}\" $CARGO_XCODE_TARGET_FLAGS $OTHER_INPUT_FILE_FLAGS || { echo >&2 \"error: cargo build failed\"; exit 1; }\n\ntr '\\n' '\\0' <<<\"$LIPO_ARGS\" | xargs -0 lipo -create -output \"$SCRIPT_OUTPUT_FILE_0\"\n\nif [ ${LD_DYLIB_INSTALL_NAME:+1} ]; then\n install_name_tool -id \"$LD_DYLIB_INSTALL_NAME\" \"$SCRIPT_OUTPUT_FILE_0\"\nfi\n\nDEP_FILE_DST=\"$DERIVED_FILE_DIR/${ARCHS}-${EXECUTABLE_NAME}.d\"\necho \"\" > \"$DEP_FILE_DST\"\nfor triple in $CARGO_XCODE_TARGET_TRIPLES; do\n BUILT_SRC=\"$CARGO_TARGET_DIR/$triple/$CARGO_XCODE_BUILD_PROFILE/$CARGO_XCODE_CARGO_FILE_NAME\"\n\n # cargo generates a dep file, but for its own path, so append our rename to it\n DEP_FILE_SRC=\"$CARGO_TARGET_DIR/$triple/$CARGO_XCODE_BUILD_PROFILE/$CARGO_XCODE_CARGO_DEP_FILE_NAME\"\n if [ -f \"$DEP_FILE_SRC\" ]; then\n  cat \"$DEP_FILE_SRC\" >> \"$DEP_FILE_DST\"\n fi\n echo >> \"$DEP_FILE_DST\" \"${SCRIPT_OUTPUT_FILE_0/ /\\\\ /}: ${BUILT_SRC/ /\\\\ /}\"\ndone\ncat \"$DEP_FILE_DST\"\n\necho \"success: $ACTION of $SCRIPT_OUTPUT_FILE_0 for $CARGO_XCODE_TARGET_TRIPLES\"\n";
		};
/* End PBXBuildRule section */

/* Begin PBXFileReference section */
		97640D3A2C0F74FD00742A91 /* Info.plist */ = {isa = PBXFileReference; lastKnownFileType = text.plist.xml; path = Info.plist; sourceTree = "<group>"; };
		97640D3B2C0F7D0C00742A91 /* libqaul.entitlements */ = {isa = PBXFileReference; lastKnownFileType = text.plist.entitlements; path = libqaul.entitlements; sourceTree = "<group>"; };
		CA00102577DC479D50D4B138 /* libqaul.dylib */ = {isa = PBXFileReference; explicitFileType = "compiled.mach-o.dylib"; includeInIndex = 0; path = libqaul.dylib; sourceTree = BUILT_PRODUCTS_DIR; };
		CAF989BF31013EF4668187A5 /* Cargo.toml */ = {isa = PBXFileReference; fileEncoding = 4; lastKnownFileType = text; name = Cargo.toml; path = ../../../rust/libqaul/Cargo.toml; sourceTree = "<group>"; };
/* End PBXFileReference section */

/* Begin PBXGroup section */
		CAF089BF3101D65BC3C892A8 = {
			isa = PBXGroup;
			children = (
				97640D3B2C0F7D0C00742A91 /* libqaul.entitlements */,
				97640D3A2C0F74FD00742A91 /* Info.plist */,
				CAF989BF31013EF4668187A5 /* Cargo.toml */,
				CAF189BF310122869D176AE5 /* Products */,
				CAF289BF310198AF0B5890DB /* Frameworks */,
			);
			sourceTree = "<group>";
		};
		CAF189BF310122869D176AE5 /* Products */ = {
			isa = PBXGroup;
			children = (
				CA00102577DC479D50D4B138 /* libqaul.dylib */,
			);
			name = Products;
			sourceTree = "<group>";
		};
		CAF289BF310198AF0B5890DB /* Frameworks */ = {
			isa = PBXGroup;
			children = (
			);
			name = Frameworks;
			sourceTree = "<group>";
		};
/* End PBXGroup section */

/* Begin PBXNativeTarget section */
		CA00102577DC499D38D54C43 /* libqaul.dylib */ = {
			isa = PBXNativeTarget;
			buildConfigurationList = CA00F30D77C1499D38D54C43 /* Build configuration list for PBXNativeTarget "libqaul.dylib" */;
			buildPhases = (
				CA00529B3F33499D38D54C43 /* Sources */,
			);
			buildRules = (
				CAF489BF3101AC6C1400ACA8 /* PBXBuildRule */,
			);
			dependencies = (
			);
			name = libqaul.dylib;
			productName = libqaul.dylib;
			productReference = CA00102577DC479D50D4B138 /* libqaul.dylib */;
			productType = "com.apple.product-type.library.dynamic";
		};
/* End PBXNativeTarget section */

/* Begin PBXProject section */
		CAF389BF3101E04653AD465F /* Project object */ = {
			isa = PBXProject;
			attributes = {
				BuildIndependentTargetsInParallel = YES;
				LastUpgradeCheck = 1510;
				TargetAttributes = {
					CA00102577DC499D38D54C43 = {
						CreatedOnToolsVersion = 9.2;
						ProvisioningStyle = Automatic;
					};
				};
			};
			buildConfigurationList = CAF689BF310180E02D6C7F57 /* Build configuration list for PBXProject "libqaul" */;
			compatibilityVersion = "Xcode 11.4";
			developmentRegion = en;
			hasScannedForEncodings = 0;
			knownRegions = (
				en,
				Base,
			);
			mainGroup = CAF089BF3101D65BC3C892A8;
			productRefGroup = CAF189BF310122869D176AE5 /* Products */;
			projectDirPath = "";
			projectRoot = "";
			targets = (
				CA00102577DC499D38D54C43 /* libqaul.dylib */,
			);
		};
/* End PBXProject section */

/* Begin PBXSourcesBuildPhase section */
		CA00529B3F33499D38D54C43 /* Sources */ = {
			isa = PBXSourcesBuildPhase;
			buildActionMask = 2147483647;
			files = (
				CA0013AE437D499D38D54C43 /* Cargo.toml in Sources */,
			);
			runOnlyForDeploymentPostprocessing = 0;
		};
/* End PBXSourcesBuildPhase section */

/* Begin XCBuildConfiguration section */
		CA00997E051E499D38D54C43 /* Debug */ = {
			isa = XCBuildConfiguration;
			buildSettings = {
				CARGO_XCODE_CARGO_DEP_FILE_NAME = liblibqaul.d;
				CARGO_XCODE_CARGO_FILE_NAME = liblibqaul.dylib;
				CODE_SIGN_ENTITLEMENTS = libqaul.entitlements;
				DEVELOPMENT_TEAM = VVYZ2Q8TUK;
				DYLIB_COMPATIBILITY_VERSION = 2;
				INFOPLIST_FILE = "$(SRCROOT)/Info.plist";
				PRODUCT_BUNDLE_IDENTIFIER = net.qaul.app.libqaul;
				PRODUCT_NAME = libqaul;
				SUPPORTED_PLATFORMS = macosx;
			};
			name = Debug;
		};
		CA00B2665C69499D38D54C43 /* Release */ = {
			isa = XCBuildConfiguration;
			buildSettings = {
				CARGO_XCODE_CARGO_DEP_FILE_NAME = liblibqaul.d;
				CARGO_XCODE_CARGO_FILE_NAME = liblibqaul.dylib;
				CODE_SIGN_ENTITLEMENTS = libqaul.entitlements;
				DEVELOPMENT_TEAM = VVYZ2Q8TUK;
				DYLIB_COMPATIBILITY_VERSION = 2;
				INFOPLIST_FILE = "$(SRCROOT)/Info.plist";
				PRODUCT_BUNDLE_IDENTIFIER = net.qaul.app.libqaul;
				PRODUCT_NAME = libqaul;
				SUPPORTED_PLATFORMS = macosx;
			};
			name = Release;
		};
		CAF7548B5B243CC16B37690B /* Release */ = {
			isa = XCBuildConfiguration;
			buildSettings = {
				ALWAYS_SEARCH_USER_PATHS = NO;
				CARGO_TARGET_DIR = "$(PROJECT_TEMP_DIR)/cargo_target";
				CARGO_XCODE_BUILD_PROFILE = release;
				CARGO_XCODE_FEATURES = "";
				CURRENT_PROJECT_VERSION = 2.0;
				DYLIB_INSTALL_NAME_BASE = "@executable_path/../Frameworks/";
				ENABLE_USER_SCRIPT_SANDBOXING = NO;
				MARKETING_VERSION = "2.0.0-rc.2";
				PRODUCT_NAME = libqaul;
				RUSTUP_TOOLCHAIN = "";
				SDKROOT = macosx;
				SKIP_INSTALL = YES;
				SUPPORTS_MACCATALYST = YES;
			};
			name = Release;
		};
		CAF8548B5B24228BE02872F8 /* Debug */ = {
			isa = XCBuildConfiguration;
			buildSettings = {
				ALWAYS_SEARCH_USER_PATHS = NO;
				CARGO_TARGET_DIR = "$(PROJECT_TEMP_DIR)/cargo_target";
				CARGO_XCODE_BUILD_PROFILE = debug;
				CARGO_XCODE_FEATURES = "";
				CURRENT_PROJECT_VERSION = 2.0;
				DYLIB_INSTALL_NAME_BASE = "@executable_path/../Frameworks/";
				ENABLE_USER_SCRIPT_SANDBOXING = NO;
				MARKETING_VERSION = "2.0.0-rc.2";
				ONLY_ACTIVE_ARCH = YES;
				PRODUCT_NAME = libqaul;
				RUSTUP_TOOLCHAIN = "";
				SDKROOT = macosx;
				SKIP_INSTALL = YES;
				SUPPORTS_MACCATALYST = YES;
			};
			name = Debug;
		};
/* End XCBuildConfiguration section */

/* Begin XCConfigurationList section */
		CA00F30D77C1499D38D54C43 /* Build configuration list for PBXNativeTarget "libqaul.dylib" */ = {
			isa = XCConfigurationList;
			buildConfigurations = (
				CA00B2665C69499D38D54C43 /* Release */,
				CA00997E051E499D38D54C43 /* Debug */,
			);
			defaultConfigurationIsVisible = 0;
			defaultConfigurationName = Release;
		};
		CAF689BF310180E02D6C7F57 /* Build configuration list for PBXProject "libqaul" */ = {
			isa = XCConfigurationList;
			buildConfigurations = (
				CAF7548B5B243CC16B37690B /* Release */,
				CAF8548B5B24228BE02872F8 /* Debug */,
			);
			defaultConfigurationIsVisible = 0;
			defaultConfigurationName = Release;
		};
/* End XCConfigurationList section */
	};
	rootObject = CAF389BF3101E04653AD465F /* Project object */;
}
